{
    "version": 3,
    "terraform_version": "0.11.7",
    "serial": 7,
    "lineage": "0a180816-31a5-5b4c-df46-cefe5fe62a5f",
    "modules": [
        {
            "path": [
                "root"
            ],
            "outputs": {
                "elb_dns_name": {
                    "sensitive": false,
                    "type": "string",
                    "value": "terraform-asg-example-948740162.us-east-1.elb.amazonaws.com"
                }
            },
            "resources": {
                "aws_autoscaling_group.example": {
                    "type": "aws_autoscaling_group",
                    "depends_on": [
                        "aws_elb.example",
                        "aws_launch_configuration.example",
                        "data.aws_availability_zones.all"
                    ],
                    "primary": {
                        "id": "tf-asg-20180423163526732000000002",
                        "attributes": {
                            "arn": "arn:aws:autoscaling:us-east-1:643506700558:autoScalingGroup:5fbcbd01-5388-4441-a560-e0cf2ad12b68:autoScalingGroupName/tf-asg-20180423163526732000000002",
                            "availability_zones.#": "6",
                            "availability_zones.1252502072": "us-east-1f",
                            "availability_zones.1305112097": "us-east-1b",
                            "availability_zones.2762590996": "us-east-1d",
                            "availability_zones.3551460226": "us-east-1e",
                            "availability_zones.3569565595": "us-east-1a",
                            "availability_zones.986537655": "us-east-1c",
                            "default_cooldown": "300",
                            "desired_capacity": "2",
                            "enabled_metrics.#": "0",
                            "force_delete": "false",
                            "health_check_grace_period": "300",
                            "health_check_type": "ELB",
                            "id": "tf-asg-20180423163526732000000002",
                            "launch_configuration": "terraform-20180423163526027200000001",
                            "load_balancers.#": "1",
                            "load_balancers.3603464733": "terraform-asg-example",
                            "max_size": "10",
                            "metrics_granularity": "1Minute",
                            "min_size": "2",
                            "name": "tf-asg-20180423163526732000000002",
                            "placement_group": "",
                            "protect_from_scale_in": "false",
                            "service_linked_role_arn": "arn:aws:iam::643506700558:role/aws-service-role/autoscaling.amazonaws.com/AWSServiceRoleForAutoScaling",
                            "suspended_processes.#": "0",
                            "tag.#": "1",
                            "tag.4170447404.key": "Name",
                            "tag.4170447404.propagate_at_launch": "true",
                            "tag.4170447404.value": "terraform-asg-example",
                            "target_group_arns.#": "0",
                            "termination_policies.#": "0",
                            "vpc_zone_identifier.#": "0",
                            "wait_for_capacity_timeout": "10m"
                        },
                        "meta": {
                            "e2bfb730-ecaa-11e6-8f88-34363bc7c4c0": {
                                "delete": 600000000000
                            }
                        },
                        "tainted": false
                    },
                    "deposed": [],
                    "provider": "provider.aws"
                },
                "aws_elb.example": {
                    "type": "aws_elb",
                    "depends_on": [
                        "aws_security_group.elb",
                        "data.aws_availability_zones.all"
                    ],
                    "primary": {
                        "id": "terraform-asg-example",
                        "attributes": {
                            "access_logs.#": "0",
                            "arn": "arn:aws:elasticloadbalancing:us-east-1:643506700558:loadbalancer/terraform-asg-example",
                            "availability_zones.#": "6",
                            "availability_zones.1252502072": "us-east-1f",
                            "availability_zones.1305112097": "us-east-1b",
                            "availability_zones.2762590996": "us-east-1d",
                            "availability_zones.3551460226": "us-east-1e",
                            "availability_zones.3569565595": "us-east-1a",
                            "availability_zones.986537655": "us-east-1c",
                            "connection_draining": "false",
                            "connection_draining_timeout": "300",
                            "cross_zone_load_balancing": "true",
                            "dns_name": "terraform-asg-example-948740162.us-east-1.elb.amazonaws.com",
                            "health_check.#": "1",
                            "health_check.0.healthy_threshold": "2",
                            "health_check.0.interval": "30",
                            "health_check.0.target": "HTTP:8080/",
                            "health_check.0.timeout": "3",
                            "health_check.0.unhealthy_threshold": "2",
                            "id": "terraform-asg-example",
                            "idle_timeout": "60",
                            "instances.#": "0",
                            "internal": "false",
                            "listener.#": "1",
                            "listener.3931999347.instance_port": "8080",
                            "listener.3931999347.instance_protocol": "http",
                            "listener.3931999347.lb_port": "80",
                            "listener.3931999347.lb_protocol": "http",
                            "listener.3931999347.ssl_certificate_id": "",
                            "name": "terraform-asg-example",
                            "security_groups.#": "1",
                            "security_groups.4013957986": "sg-a2710eeb",
                            "source_security_group": "643506700558/terraform-example-elb",
                            "source_security_group_id": "sg-a2710eeb",
                            "subnets.#": "6",
                            "subnets.1419054215": "subnet-a2ee54ad",
                            "subnets.2490195257": "subnet-eaf015b6",
                            "subnets.3131451864": "subnet-5952a43e",
                            "subnets.3926855256": "subnet-f2a50cb8",
                            "subnets.4291550204": "subnet-cfd83fe1",
                            "subnets.903508429": "subnet-66c5c559",
                            "tags.%": "0",
                            "zone_id": "Z35SXDOTRQ7X7K"
                        },
                        "meta": {},
                        "tainted": false
                    },
                    "deposed": [],
                    "provider": "provider.aws"
                },
                "aws_launch_configuration.example": {
                    "type": "aws_launch_configuration",
                    "depends_on": [
                        "aws_security_group.instance"
                    ],
                    "primary": {
                        "id": "terraform-20180423163526027200000001",
                        "attributes": {
                            "associate_public_ip_address": "false",
                            "ebs_block_device.#": "0",
                            "ebs_optimized": "false",
                            "enable_monitoring": "true",
                            "ephemeral_block_device.#": "0",
                            "iam_instance_profile": "",
                            "id": "terraform-20180423163526027200000001",
                            "image_id": "ami-2d39803a",
                            "instance_type": "t2.micro",
                            "key_name": "",
                            "name": "terraform-20180423163526027200000001",
                            "root_block_device.#": "0",
                            "security_groups.#": "1",
                            "security_groups.2286471280": "sg-4c740b05",
                            "spot_price": "",
                            "user_data": "4430fd6498339061effa6d27ccf341a1e94569d7",
                            "vpc_classic_link_id": "",
                            "vpc_classic_link_security_groups.#": "0"
                        },
                        "meta": {},
                        "tainted": false
                    },
                    "deposed": [],
                    "provider": "provider.aws"
                },
                "aws_security_group.elb": {
                    "type": "aws_security_group",
                    "depends_on": [],
                    "primary": {
                        "id": "sg-a2710eeb",
                        "attributes": {
                            "arn": "arn:aws:ec2:us-east-1:643506700558:security-group/sg-a2710eeb",
                            "description": "Managed by Terraform",
                            "egress.#": "1",
                            "egress.482069346.cidr_blocks.#": "1",
                            "egress.482069346.cidr_blocks.0": "0.0.0.0/0",
                            "egress.482069346.description": "",
                            "egress.482069346.from_port": "0",
                            "egress.482069346.ipv6_cidr_blocks.#": "0",
                            "egress.482069346.prefix_list_ids.#": "0",
                            "egress.482069346.protocol": "-1",
                            "egress.482069346.security_groups.#": "0",
                            "egress.482069346.self": "false",
                            "egress.482069346.to_port": "0",
                            "id": "sg-a2710eeb",
                            "ingress.#": "1",
                            "ingress.2214680975.cidr_blocks.#": "1",
                            "ingress.2214680975.cidr_blocks.0": "0.0.0.0/0",
                            "ingress.2214680975.description": "",
                            "ingress.2214680975.from_port": "80",
                            "ingress.2214680975.ipv6_cidr_blocks.#": "0",
                            "ingress.2214680975.protocol": "tcp",
                            "ingress.2214680975.security_groups.#": "0",
                            "ingress.2214680975.self": "false",
                            "ingress.2214680975.to_port": "80",
                            "name": "terraform-example-elb",
                            "owner_id": "643506700558",
                            "revoke_rules_on_delete": "false",
                            "tags.%": "0",
                            "vpc_id": "vpc-b5c784ce"
                        },
                        "meta": {
                            "e2bfb730-ecaa-11e6-8f88-34363bc7c4c0": {
                                "create": 600000000000,
                                "delete": 600000000000
                            },
                            "schema_version": "1"
                        },
                        "tainted": false
                    },
                    "deposed": [],
                    "provider": "provider.aws"
                },
                "aws_security_group.instance": {
                    "type": "aws_security_group",
                    "depends_on": [],
                    "primary": {
                        "id": "sg-4c740b05",
                        "attributes": {
                            "arn": "arn:aws:ec2:us-east-1:643506700558:security-group/sg-4c740b05",
                            "description": "Managed by Terraform",
                            "egress.#": "0",
                            "id": "sg-4c740b05",
                            "ingress.#": "1",
                            "ingress.516175195.cidr_blocks.#": "1",
                            "ingress.516175195.cidr_blocks.0": "0.0.0.0/0",
                            "ingress.516175195.description": "",
                            "ingress.516175195.from_port": "8080",
                            "ingress.516175195.ipv6_cidr_blocks.#": "0",
                            "ingress.516175195.protocol": "tcp",
                            "ingress.516175195.security_groups.#": "0",
                            "ingress.516175195.self": "false",
                            "ingress.516175195.to_port": "8080",
                            "name": "terraform-example-instance",
                            "owner_id": "643506700558",
                            "revoke_rules_on_delete": "false",
                            "tags.%": "0",
                            "vpc_id": "vpc-b5c784ce"
                        },
                        "meta": {
                            "e2bfb730-ecaa-11e6-8f88-34363bc7c4c0": {
                                "create": 600000000000,
                                "delete": 600000000000
                            },
                            "schema_version": "1"
                        },
                        "tainted": false
                    },
                    "deposed": [],
                    "provider": "provider.aws"
                },
                "data.aws_availability_zones.all": {
                    "type": "aws_availability_zones",
                    "depends_on": [],
                    "primary": {
                        "id": "2018-04-23 16:34:46.301305 +0000 UTC",
                        "attributes": {
                            "id": "2018-04-23 16:34:46.301305 +0000 UTC",
                            "names.#": "6",
                            "names.0": "us-east-1a",
                            "names.1": "us-east-1b",
                            "names.2": "us-east-1c",
                            "names.3": "us-east-1d",
                            "names.4": "us-east-1e",
                            "names.5": "us-east-1f"
                        },
                        "meta": {},
                        "tainted": false
                    },
                    "deposed": [],
                    "provider": "provider.aws"
                }
            },
            "depends_on": []
        }
    ]
}
